
Microsoft Visual Studio Solution File, Format Version 12.00
# Visual Studio Version 16
VisualStudioVersion = 16.0.30114.105
MinimumVisualStudioVersion = 10.0.40219.1
Project("{2150E333-8FDC-42A3-9474-1A3956D46DE8}") = "src", "src", "{545B13A2-11B7-41DA-B5C7-C13C5D975595}"
EndProject
Project("{FAE04EC0-301F-11D3-BF4B-00C04F79EFBC}") = "Filippa", "src\Filippa\Filippa.csproj", "{F15D3EB7-31CF-46CB-B975-8B2766851BAC}"
EndProject
Project("{FAE04EC0-301F-11D3-BF4B-00C04F79EFBC}") = "FilippaGame", "src\FilippaGame\FilippaGame.csproj", "{4D36FBB8-812D-4E19-8502-3E1F174CE7FF}"
EndProject
Project("{2150E333-8FDC-42A3-9474-1A3956D46DE8}") = "players", "players", "{4B480AE2-6784-490D-9369-913919319B8D}"
EndProject
Project("{FAE04EC0-301F-11D3-BF4B-00C04F79EFBC}") = "DumbPlayer", "src\players\DumbPlayer\DumbPlayer.csproj", "{5B8671D2-108B-4870-9A1C-76170AB77131}"
EndProject
Global
	GlobalSection(SolutionConfigurationPlatforms) = preSolution
		Debug|Any CPU = Debug|Any CPU
		Release|Any CPU = Release|Any CPU
	EndGlobalSection
	GlobalSection(SolutionProperties) = preSolution
		HideSolutionNode = FALSE
	EndGlobalSection
	GlobalSection(ProjectConfigurationPlatforms) = postSolution
		{F15D3EB7-31CF-46CB-B975-8B2766851BAC}.Debug|Any CPU.ActiveCfg = Debug|Any CPU
		{F15D3EB7-31CF-46CB-B975-8B2766851BAC}.Debug|Any CPU.Build.0 = Debug|Any CPU
		{F15D3EB7-31CF-46CB-B975-8B2766851BAC}.Release|Any CPU.ActiveCfg = Release|Any CPU
		{F15D3EB7-31CF-46CB-B975-8B2766851BAC}.Release|Any CPU.Build.0 = Release|Any CPU
		{4D36FBB8-812D-4E19-8502-3E1F174CE7FF}.Debug|Any CPU.ActiveCfg = Debug|Any CPU
		{4D36FBB8-812D-4E19-8502-3E1F174CE7FF}.Debug|Any CPU.Build.0 = Debug|Any CPU
		{4D36FBB8-812D-4E19-8502-3E1F174CE7FF}.Release|Any CPU.ActiveCfg = Release|Any CPU
		{4D36FBB8-812D-4E19-8502-3E1F174CE7FF}.Release|Any CPU.Build.0 = Release|Any CPU
		{5B8671D2-108B-4870-9A1C-76170AB77131}.Debug|Any CPU.ActiveCfg = Debug|Any CPU
		{5B8671D2-108B-4870-9A1C-76170AB77131}.Debug|Any CPU.Build.0 = Debug|Any CPU
		{5B8671D2-108B-4870-9A1C-76170AB77131}.Release|Any CPU.ActiveCfg = Release|Any CPU
		{5B8671D2-108B-4870-9A1C-76170AB77131}.Release|Any CPU.Build.0 = Release|Any CPU
	EndGlobalSection
	GlobalSection(NestedProjects) = preSolution
		{F15D3EB7-31CF-46CB-B975-8B2766851BAC} = {545B13A2-11B7-41DA-B5C7-C13C5D975595}
		{4D36FBB8-812D-4E19-8502-3E1F174CE7FF} = {545B13A2-11B7-41DA-B5C7-C13C5D975595}
		{4B480AE2-6784-490D-9369-913919319B8D} = {545B13A2-11B7-41DA-B5C7-C13C5D975595}
		{5B8671D2-108B-4870-9A1C-76170AB77131} = {4B480AE2-6784-490D-9369-913919319B8D}
	EndGlobalSection
EndGlobal
